
Microsoft Visual Studio Solution File, Format Version 12.00
# Visual Studio Version 16
VisualStudioVersion = 16.0.30804.86
MinimumVisualStudioVersion = 10.0.40219.1
Project("{FAE04EC0-301F-11D3-BF4B-00C04F79EFBC}") = "EX", "EX\EX.csproj", "{696F43FA-A3A3-43BA-9B91-04A9674856DC}"
EndProject
Global
	GlobalSection(SolutionConfigurationPlatforms) = preSolution
		Debug|Any CPU = Debug|Any CPU
		Release|Any CPU = Release|Any CPU
	EndGlobalSection
	GlobalSection(ProjectConfigurationPlatforms) = postSolution
		{696F43FA-A3A3-43BA-9B91-04A9674856DC}.Debug|Any CPU.ActiveCfg = Debug|Any CPU
		{696F43FA-A3A3-43BA-9B91-04A9674856DC}.Debug|Any CPU.Build.0 = Debug|Any CPU
		{696F43FA-A3A3-43BA-9B91-04A9674856DC}.Release|Any CPU.ActiveCfg = Release|Any CPU
		{696F43FA-A3A3-43BA-9B91-04A9674856DC}.Release|Any CPU.Build.0 = Release|Any CPU
	EndGlobalSection
	GlobalSection(SolutionProperties) = preSolution
		HideSolutionNode = FALSE
	EndGlobalSection
	GlobalSection(ExtensibilityGlobals) = postSolution
		SolutionGuid = {F0708328-A24E-46EB-8084-41445F016491}
	EndGlobalSection
EndGlobal
